
Microsoft Visual Studio Solution File, Format Version 12.00
# Visual Studio Version 16
VisualStudioVersion = 16.0.30204.135
MinimumVisualStudioVersion = 10.0.40219.1
Project("{FAE04EC0-301F-11D3-BF4B-00C04F79EFBC}") = "StressTypeVisualization", "StressTypeVisualization.csproj", "{442E88BD-21FE-4751-9612-99F942D25691}"
EndProject
Global
	GlobalSection(SolutionConfigurationPlatforms) = preSolution
		Debug|Any CPU = Debug|Any CPU
		Release|Any CPU = Release|Any CPU
	EndGlobalSection
	GlobalSection(ProjectConfigurationPlatforms) = postSolution
		{442E88BD-21FE-4751-9612-99F942D25691}.Debug|Any CPU.ActiveCfg = Debug|Any CPU
		{442E88BD-21FE-4751-9612-99F942D25691}.Debug|Any CPU.Build.0 = Debug|Any CPU
		{442E88BD-21FE-4751-9612-99F942D25691}.Release|Any CPU.ActiveCfg = Release|Any CPU
		{442E88BD-21FE-4751-9612-99F942D25691}.Release|Any CPU.Build.0 = Release|Any CPU
	EndGlobalSection
	GlobalSection(SolutionProperties) = preSolution
		HideSolutionNode = FALSE
	EndGlobalSection
	GlobalSection(ExtensibilityGlobals) = postSolution
		SolutionGuid = {BD8BED34-3B4A-4B55-B6E9-12DA7CEACED1}
	EndGlobalSection
EndGlobal
